// !$*UTF8*$!
{
	archiveVersion = 1;
	classes = {
	};
	objectVersion = 50;
	objects = {

/* Begin PBXBuildFile section */
		B61127DD25BBC04F00992247 /* AppDelegate.swift in Sources */ = {isa = PBXBuildFile; fileRef = B61127DC25BBC04F00992247 /* AppDelegate.swift */; };
		B61127DF25BBC04F00992247 /* SceneDelegate.swift in Sources */ = {isa = PBXBuildFile; fileRef = B61127DE25BBC04F00992247 /* SceneDelegate.swift */; };
		B61127E125BBC04F00992247 /* ViewController.swift in Sources */ = {isa = PBXBuildFile; fileRef = B61127E025BBC04F00992247 /* ViewController.swift */; };
		B61127E425BBC04F00992247 /* Main.storyboard in Resources */ = {isa = PBXBuildFile; fileRef = B61127E225BBC04F00992247 /* Main.storyboard */; };
		B61127E625BBC05100992247 /* Assets.xcassets in Resources */ = {isa = PBXBuildFile; fileRef = B61127E525BBC05100992247 /* Assets.xcassets */; };
		B61127E925BBC05100992247 /* LaunchScreen.storyboard in Resources */ = {isa = PBXBuildFile; fileRef = B61127E725BBC05100992247 /* LaunchScreen.storyboard */; };
		B61127F225BBD26C00992247 /* Post.swift in Sources */ = {isa = PBXBuildFile; fileRef = B61127F125BBD26C00992247 /* Post.swift */; };
		B61127F625BCFFC900992247 /* APIRequestpr.swift in Sources */ = {isa = PBXBuildFile; fileRef = B61127F525BCFFC900992247 /* APIRequestpr.swift */; };
		B61127F925BD158C00992247 /* SessionAPI.swift in Sources */ = {isa = PBXBuildFile; fileRef = B61127F825BD158C00992247 /* SessionAPI.swift */; };
		B611280725BE2EF200992247 /* TopCell.swift in Sources */ = {isa = PBXBuildFile; fileRef = B611280625BE2EF200992247 /* TopCell.swift */; };
		B611282425BE451800992247 /* TopCell.xib in Resources */ = {isa = PBXBuildFile; fileRef = B611282325BE451800992247 /* TopCell.xib */; };
/* End PBXBuildFile section */

/* Begin PBXFileReference section */
		B61127D925BBC04F00992247 /* ConcurrenciaTopics.app */ = {isa = PBXFileReference; explicitFileType = wrapper.application; includeInIndex = 0; path = ConcurrenciaTopics.app; sourceTree = BUILT_PRODUCTS_DIR; };
		B61127DC25BBC04F00992247 /* AppDelegate.swift */ = {isa = PBXFileReference; lastKnownFileType = sourcecode.swift; path = AppDelegate.swift; sourceTree = "<group>"; };
		B61127DE25BBC04F00992247 /* SceneDelegate.swift */ = {isa = PBXFileReference; lastKnownFileType = sourcecode.swift; path = SceneDelegate.swift; sourceTree = "<group>"; };
		B61127E025BBC04F00992247 /* ViewController.swift */ = {isa = PBXFileReference; lastKnownFileType = sourcecode.swift; path = ViewController.swift; sourceTree = "<group>"; };
		B61127E325BBC04F00992247 /* Base */ = {isa = PBXFileReference; lastKnownFileType = file.storyboard; name = Base; path = Base.lproj/Main.storyboard; sourceTree = "<group>"; };
		B61127E525BBC05100992247 /* Assets.xcassets */ = {isa = PBXFileReference; lastKnownFileType = folder.assetcatalog; path = Assets.xcassets; sourceTree = "<group>"; };
		B61127E825BBC05100992247 /* Base */ = {isa = PBXFileReference; lastKnownFileType = file.storyboard; name = Base; path = Base.lproj/LaunchScreen.storyboard; sourceTree = "<group>"; };
		B61127EA25BBC05100992247 /* Info.plist */ = {isa = PBXFileReference; lastKnownFileType = text.plist.xml; path = Info.plist; sourceTree = "<group>"; };
		B61127F125BBD26C00992247 /* Post.swift */ = {isa = PBXFileReference; lastKnownFileType = sourcecode.swift; path = Post.swift; sourceTree = "<group>"; };
		B61127F525BCFFC900992247 /* APIRequestpr.swift */ = {isa = PBXFileReference; lastKnownFileType = sourcecode.swift; path = APIRequestpr.swift; sourceTree = "<group>"; };
		B61127F825BD158C00992247 /* SessionAPI.swift */ = {isa = PBXFileReference; lastKnownFileType = sourcecode.swift; path = SessionAPI.swift; sourceTree = "<group>"; };
		B611280625BE2EF200992247 /* TopCell.swift */ = {isa = PBXFileReference; lastKnownFileType = sourcecode.swift; path = TopCell.swift; sourceTree = "<group>"; };
		B611282325BE451800992247 /* TopCell.xib */ = {isa = PBXFileReference; lastKnownFileType = file.xib; path = TopCell.xib; sourceTree = "<group>"; };
/* End PBXFileReference section */

/* Begin PBXFrameworksBuildPhase section */
		B61127D625BBC04F00992247 /* Frameworks */ = {
			isa = PBXFrameworksBuildPhase;
			buildActionMask = 2147483647;
			files = (
			);
			runOnlyForDeploymentPostprocessing = 0;
		};
/* End PBXFrameworksBuildPhase section */

/* Begin PBXGroup section */
		B61127D025BBC04F00992247 = {
			isa = PBXGroup;
			children = (
				B61127DB25BBC04F00992247 /* ConcurrenciaTopics */,
				B61127DA25BBC04F00992247 /* Products */,
			);
			sourceTree = "<group>";
		};
		B61127DA25BBC04F00992247 /* Products */ = {
			isa = PBXGroup;
			children = (
				B61127D925BBC04F00992247 /* ConcurrenciaTopics.app */,
			);
			name = Products;
			sourceTree = "<group>";
		};
		B61127DB25BBC04F00992247 /* ConcurrenciaTopics */ = {
			isa = PBXGroup;
			children = (
				B61127F525BCFFC900992247 /* APIRequestpr.swift */,
				B61127F825BD158C00992247 /* SessionAPI.swift */,
				B61127DC25BBC04F00992247 /* AppDelegate.swift */,
				B61127DE25BBC04F00992247 /* SceneDelegate.swift */,
				B61127E025BBC04F00992247 /* ViewController.swift */,
				B61127E225BBC04F00992247 /* Main.storyboard */,
				B61127E525BBC05100992247 /* Assets.xcassets */,
				B61127E725BBC05100992247 /* LaunchScreen.storyboard */,
				B61127F125BBD26C00992247 /* Post.swift */,
				B61127EA25BBC05100992247 /* Info.plist */,
				B611280625BE2EF200992247 /* TopCell.swift */,
				B611282325BE451800992247 /* TopCell.xib */,
			);
			path = ConcurrenciaTopics;
			sourceTree = "<group>";
		};
/* End PBXGroup section */

/* Begin PBXNativeTarget section */
		B61127D825BBC04F00992247 /* ConcurrenciaTopics */ = {
			isa = PBXNativeTarget;
			buildConfigurationList = B61127ED25BBC05100992247 /* Build configuration list for PBXNativeTarget "ConcurrenciaTopics" */;
			buildPhases = (
				B61127D525BBC04F00992247 /* Sources */,
				B61127D625BBC04F00992247 /* Frameworks */,
				B61127D725BBC04F00992247 /* Resources */,
			);
			buildRules = (
			);
			dependencies = (
			);
			name = ConcurrenciaTopics;
			productName = ConcurrenciaTopics;
			productReference = B61127D925BBC04F00992247 /* ConcurrenciaTopics.app */;
			productType = "com.apple.product-type.application";
		};
/* End PBXNativeTarget section */

/* Begin PBXProject section */
		B61127D125BBC04F00992247 /* Project object */ = {
			isa = PBXProject;
			attributes = {
				LastSwiftUpdateCheck = 1230;
				LastUpgradeCheck = 1230;
				TargetAttributes = {
					B61127D825BBC04F00992247 = {
						CreatedOnToolsVersion = 12.3;
					};
				};
			};
			buildConfigurationList = B61127D425BBC04F00992247 /* Build configuration list for PBXProject "ConcurrenciaTopics" */;
			compatibilityVersion = "Xcode 9.3";
			developmentRegion = en;
			hasScannedForEncodings = 0;
			knownRegions = (
				en,
				Base,
			);
			mainGroup = B61127D025BBC04F00992247;
			productRefGroup = B61127DA25BBC04F00992247 /* Products */;
			projectDirPath = "";
			projectRoot = "";
			targets = (
				B61127D825BBC04F00992247 /* ConcurrenciaTopics */,
			);
		};
/* End PBXProject section */

/* Begin PBXResourcesBuildPhase section */
		B61127D725BBC04F00992247 /* Resources */ = {
			isa = PBXResourcesBuildPhase;
			buildActionMask = 2147483647;
			files = (
				B61127E925BBC05100992247 /* LaunchScreen.storyboard in Resources */,
				B61127E625BBC05100992247 /* Assets.xcassets in Resources */,
				B61127E425BBC04F00992247 /* Main.storyboard in Resources */,
				B611282425BE451800992247 /* TopCell.xib in Resources */,
			);
			runOnlyForDeploymentPostprocessing = 0;
		};
/* End PBXResourcesBuildPhase section */

/* Begin PBXSourcesBuildPhase section */
		B61127D525BBC04F00992247 /* Sources */ = {
			isa = PBXSourcesBuildPhase;
			buildActionMask = 2147483647;
			files = (
				B61127E125BBC04F00992247 /* ViewController.swift in Sources */,
				B61127F625BCFFC900992247 /* APIRequestpr.swift in Sources */,
				B61127F925BD158C00992247 /* SessionAPI.swift in Sources */,
				B61127DD25BBC04F00992247 /* AppDelegate.swift in Sources */,
				B61127DF25BBC04F00992247 /* SceneDelegate.swift in Sources */,
				B61127F225BBD26C00992247 /* Post.swift in Sources */,
				B611280725BE2EF200992247 /* TopCell.swift in Sources */,
			);
			runOnlyForDeploymentPostprocessing = 0;
		};
/* End PBXSourcesBuildPhase section */

/* Begin PBXVariantGroup section */
		B61127E225BBC04F00992247 /* Main.storyboard */ = {
			isa = PBXVariantGroup;
			children = (
				B61127E325BBC04F00992247 /* Base */,
			);
			name = Main.storyboard;
			sourceTree = "<group>";
		};
		B61127E725BBC05100992247 /* LaunchScreen.storyboard */ = {
			isa = PBXVariantGroup;
			children = (
				B61127E825BBC05100992247 /* Base */,
			);
			name = LaunchScreen.storyboard;
			sourceTree = "<group>";
		};
/* End PBXVariantGroup section */

/* Begin XCBuildConfiguration section */
		B61127EB25BBC05100992247 /* Debug */ = {
			isa = XCBuildConfiguration;
			buildSettings = {
				ALWAYS_SEARCH_USER_PATHS = NO;
				CLANG_ANALYZER_NONNULL = YES;
				CLANG_ANALYZER_NUMBER_OBJECT_CONVERSION = YES_AGGRESSIVE;
				CLANG_CXX_LANGUAGE_STANDARD = "gnu++14";
				CLANG_CXX_LIBRARY = "libc++";
				CLANG_ENABLE_MODULES = YES;
				CLANG_ENABLE_OBJC_ARC = YES;
				CLANG_ENABLE_OBJC_WEAK = YES;
				CLANG_WARN_BLOCK_CAPTURE_AUTORELEASING = YES;
				CLANG_WARN_BOOL_CONVERSION = YES;
				CLANG_WARN_COMMA = YES;
				CLANG_WARN_CONSTANT_CONVERSION = YES;
				CLANG_WARN_DEPRECATED_OBJC_IMPLEMENTATIONS = YES;
				CLANG_WARN_DIRECT_OBJC_ISA_USAGE = YES_ERROR;
				CLANG_WARN_DOCUMENTATION_COMMENTS = YES;
				CLANG_WARN_EMPTY_BODY = YES;
				CLANG_WARN_ENUM_CONVERSION = YES;
				CLANG_WARN_INFINITE_RECURSION = YES;
				CLANG_WARN_INT_CONVERSION = YES;
				CLANG_WARN_NON_LITERAL_NULL_CONVERSION = YES;
				CLANG_WARN_OBJC_IMPLICIT_RETAIN_SELF = YES;
				CLANG_WARN_OBJC_LITERAL_CONVERSION = YES;
				CLANG_WARN_OBJC_ROOT_CLASS = YES_ERROR;
				CLANG_WARN_QUOTED_INCLUDE_IN_FRAMEWORK_HEADER = YES;
				CLANG_WARN_RANGE_LOOP_ANALYSIS = YES;
				CLANG_WARN_STRICT_PROTOTYPES = YES;
				CLANG_WARN_SUSPICIOUS_MOVE = YES;
				CLANG_WARN_UNGUARDED_AVAILABILITY = YES_AGGRESSIVE;
				CLANG_WARN_UNREACHABLE_CODE = YES;
				CLANG_WARN__DUPLICATE_METHOD_MATCH = YES;
				COPY_PHASE_STRIP = NO;
				DEBUG_INFORMATION_FORMAT = dwarf;
				ENABLE_STRICT_OBJC_MSGSEND = YES;
				ENABLE_TESTABILITY = YES;
				GCC_C_LANGUAGE_STANDARD = gnu11;
				GCC_DYNAMIC_NO_PIC = NO;
				GCC_NO_COMMON_BLOCKS = YES;
				GCC_OPTIMIZATION_LEVEL = 0;
				GCC_PREPROCESSOR_DEFINITIONS = (
					"DEBUG=1",
					"$(inherited)",
				);
				GCC_WARN_64_TO_32_BIT_CONVERSION = YES;
				GCC_WARN_ABOUT_RETURN_TYPE = YES_ERROR;
				GCC_WARN_UNDECLARED_SELECTOR = YES;
				GCC_WARN_UNINITIALIZED_AUTOS = YES_AGGRESSIVE;
				GCC_WARN_UNUSED_FUNCTION = YES;
				GCC_WARN_UNUSED_VARIABLE = YES;
				IPHONEOS_DEPLOYMENT_TARGET = 14.3;
				MTL_ENABLE_DEBUG_INFO = INCLUDE_SOURCE;
				MTL_FAST_MATH = YES;
				ONLY_ACTIVE_ARCH = YES;
				SDKROOT = iphoneos;
				SWIFT_ACTIVE_COMPILATION_CONDITIONS = DEBUG;
				SWIFT_OPTIMIZATION_LEVEL = "-Onone";
			};
			name = Debug;
		};
		B61127EC25BBC05100992247 /* Release */ = {
			isa = XCBuildConfiguration;
			buildSettings = {
				ALWAYS_SEARCH_USER_PATHS = NO;
				CLANG_ANALYZER_NONNULL = YES;
				CLANG_ANALYZER_NUMBER_OBJECT_CONVERSION = YES_AGGRESSIVE;
				CLANG_CXX_LANGUAGE_STANDARD = "gnu++14";
				CLANG_CXX_LIBRARY = "libc++";
				CLANG_ENABLE_MODULES = YES;
				CLANG_ENABLE_OBJC_ARC = YES;
				CLANG_ENABLE_OBJC_WEAK = YES;
				CLANG_WARN_BLOCK_CAPTURE_AUTORELEASING = YES;
				CLANG_WARN_BOOL_CONVERSION = YES;
				CLANG_WARN_COMMA = YES;
				CLANG_WARN_CONSTANT_CONVERSION = YES;
				CLANG_WARN_DEPRECATED_OBJC_IMPLEMENTATIONS = YES;
				CLANG_WARN_DIRECT_OBJC_ISA_USAGE = YES_ERROR;
				CLANG_WARN_DOCUMENTATION_COMMENTS = YES;
				CLANG_WARN_EMPTY_BODY = YES;
				CLANG_WARN_ENUM_CONVERSION = YES;
				CLANG_WARN_INFINITE_RECURSION = YES;
				CLANG_WARN_INT_CONVERSION = YES;
				CLANG_WARN_NON_LITERAL_NULL_CONVERSION = YES;
				CLANG_WARN_OBJC_IMPLICIT_RETAIN_SELF = YES;
				CLANG_WARN_OBJC_LITERAL_CONVERSION = YES;
				CLANG_WARN_OBJC_ROOT_CLASS = YES_ERROR;
				CLANG_WARN_QUOTED_INCLUDE_IN_FRAMEWORK_HEADER = YES;
				CLANG_WARN_RANGE_LOOP_ANALYSIS = YES;
				CLANG_WARN_STRICT_PROTOTYPES = YES;
				CLANG_WARN_SUSPICIOUS_MOVE = YES;
				CLANG_WARN_UNGUARDED_AVAILABILITY = YES_AGGRESSIVE;
				CLANG_WARN_UNREACHABLE_CODE = YES;
				CLANG_WARN__DUPLICATE_METHOD_MATCH = YES;
				COPY_PHASE_STRIP = NO;
				DEBUG_INFORMATION_FORMAT = "dwarf-with-dsym";
				ENABLE_NS_ASSERTIONS = NO;
				ENABLE_STRICT_OBJC_MSGSEND = YES;
				GCC_C_LANGUAGE_STANDARD = gnu11;
				GCC_NO_COMMON_BLOCKS = YES;
				GCC_WARN_64_TO_32_BIT_CONVERSION = YES;
				GCC_WARN_ABOUT_RETURN_TYPE = YES_ERROR;
				GCC_WARN_UNDECLARED_SELECTOR = YES;
				GCC_WARN_UNINITIALIZED_AUTOS = YES_AGGRESSIVE;
				GCC_WARN_UNUSED_FUNCTION = YES;
				GCC_WARN_UNUSED_VARIABLE = YES;
				IPHONEOS_DEPLOYMENT_TARGET = 14.3;
				MTL_ENABLE_DEBUG_INFO = NO;
				MTL_FAST_MATH = YES;
				SDKROOT = iphoneos;
				SWIFT_COMPILATION_MODE = wholemodule;
				SWIFT_OPTIMIZATION_LEVEL = "-O";
				VALIDATE_PRODUCT = YES;
			};
			name = Release;
		};
		B61127EE25BBC05100992247 /* Debug */ = {
			isa = XCBuildConfiguration;
			buildSettings = {
				ASSETCATALOG_COMPILER_APPICON_NAME = AppIcon;
				ASSETCATALOG_COMPILER_GLOBAL_ACCENT_COLOR_NAME = AccentColor;
				CODE_SIGN_STYLE = Automatic;
				DEVELOPMENT_TEAM = RH5J7Q8XUC;
				INFOPLIST_FILE = ConcurrenciaTopics/Info.plist;
				LD_RUNPATH_SEARCH_PATHS = (
					"$(inherited)",
					"@executable_path/Frameworks",
				);
				PRODUCT_BUNDLE_IDENTIFIER = com.rhcdesarrollo.ConcurrenciaTopics;
				PRODUCT_NAME = "$(TARGET_NAME)";
				SWIFT_VERSION = 5.0;
				TARGETED_DEVICE_FAMILY = "1,2";
			};
			name = Debug;
		};
		B61127EF25BBC05100992247 /* Release */ = {
			isa = XCBuildConfiguration;
			buildSettings = {
				ASSETCATALOG_COMPILER_APPICON_NAME = AppIcon;
				ASSETCATALOG_COMPILER_GLOBAL_ACCENT_COLOR_NAME = AccentColor;
				CODE_SIGN_STYLE = Automatic;
				DEVELOPMENT_TEAM = RH5J7Q8XUC;
				INFOPLIST_FILE = ConcurrenciaTopics/Info.plist;
				LD_RUNPATH_SEARCH_PATHS = (
					"$(inherited)",
					"@executable_path/Frameworks",
				);
				PRODUCT_BUNDLE_IDENTIFIER = com.rhcdesarrollo.ConcurrenciaTopics;
				PRODUCT_NAME = "$(TARGET_NAME)";
				SWIFT_VERSION = 5.0;
				TARGETED_DEVICE_FAMILY = "1,2";
			};
			name = Release;
		};
/* End XCBuildConfiguration section */

/* Begin XCConfigurationList section */
		B61127D425BBC04F00992247 /* Build configuration list for PBXProject "ConcurrenciaTopics" */ = {
			isa = XCConfigurationList;
			buildConfigurations = (
				B61127EB25BBC05100992247 /* Debug */,
				B61127EC25BBC05100992247 /* Release */,
			);
			defaultConfigurationIsVisible = 0;
			defaultConfigurationName = Release;
		};
		B61127ED25BBC05100992247 /* Build configuration list for PBXNativeTarget "ConcurrenciaTopics" */ = {
			isa = XCConfigurationList;
			buildConfigurations = (
				B61127EE25BBC05100992247 /* Debug */,
				B61127EF25BBC05100992247 /* Release */,
			);
			defaultConfigurationIsVisible = 0;
			defaultConfigurationName = Release;
		};
/* End XCConfigurationList section */
	};
	rootObject = B61127D125BBC04F00992247 /* Project object */;
}
